Microsoft Visual Studio Solution File, Format Version 11.00
# Visual Studio 2013
Project("{28A06354-B874-7819-2C19-52357B7AB955}") = "OwlSim", "OwlSim.vcxproj", "{59C21696-E4C4-F552-6573-A87FC0BF0214}"
EndProject
Global
	GlobalSection(SolutionConfigurationPlatforms) = preSolution
		Debug|Win32 = Debug|Win32
		Release|Win32 = Release|Win32
	EndGlobalSection
	GlobalSection(ProjectConfigurationPlatforms) = postSolution
		{59C21696-E4C4-F552-6573-A87FC0BF0214}.Debug|Win32.ActiveCfg = Debug|Win32
		{59C21696-E4C4-F552-6573-A87FC0BF0214}.Debug|Win32.Build.0 = Debug|Win32
		{59C21696-E4C4-F552-6573-A87FC0BF0214}.Release|Win32.ActiveCfg = Release|Win32
		{59C21696-E4C4-F552-6573-A87FC0BF0214}.Release|Win32.Build.0 = Release|Win32
	EndGlobalSection
	GlobalSection(SolutionProperties) = preSolution
		HideSolutionNode = FALSE
	EndGlobalSection
EndGlobal
